
Microsoft Visual Studio Solution File, Format Version 12.00
# Visual Studio Version 16
VisualStudioVersion = 16.0.29709.97
MinimumVisualStudioVersion = 10.0.40219.1
Project("{FAE04EC0-301F-11D3-BF4B-00C04F79EFBC}") = "Weather_Forecaster", "Weather_Forecaster.csproj", "{F261279D-AEA9-4EB7-997B-062C9166AAEF}"
EndProject
Global
	GlobalSection(SolutionConfigurationPlatforms) = preSolution
		Debug|Any CPU = Debug|Any CPU
		Release|Any CPU = Release|Any CPU
	EndGlobalSection
	GlobalSection(ProjectConfigurationPlatforms) = postSolution
		{F261279D-AEA9-4EB7-997B-062C9166AAEF}.Debug|Any CPU.ActiveCfg = Debug|Any CPU
		{F261279D-AEA9-4EB7-997B-062C9166AAEF}.Debug|Any CPU.Build.0 = Debug|Any CPU
		{F261279D-AEA9-4EB7-997B-062C9166AAEF}.Release|Any CPU.ActiveCfg = Release|Any CPU
		{F261279D-AEA9-4EB7-997B-062C9166AAEF}.Release|Any CPU.Build.0 = Release|Any CPU
	EndGlobalSection
	GlobalSection(SolutionProperties) = preSolution
		HideSolutionNode = FALSE
	EndGlobalSection
	GlobalSection(ExtensibilityGlobals) = postSolution
		SolutionGuid = {A376B404-155F-4E55-9476-274CD851A093}
	EndGlobalSection
EndGlobal
